{
  "name": "@yadou/yarpc",
  "version": "1.0.1",
  "lockfileVersion": 1,
  "requires": true,
  "dependencies": {
    "@types/node": {
      "version": "13.7.6",
      "resolved": "https://registry.npm.taobao.org/@types/node/download/@types/node-13.7.6.tgz?cache=0&sync_timestamp=1582678476038&other_urls=https%3A%2F%2Fregistry.npm.taobao.org%2F%40types%2Fnode%2Fdownload%2F%40types%2Fnode-13.7.6.tgz",
      "integrity": "sha1-y3NKfBkUcq5qKzpQK03//OqXQRM="
    },
    "es6-promise": {
      "version": "4.2.8",
      "resolved": "http://local.npm.com/es6-promise/-/es6-promise-4.2.8.tgz",
      "integrity": "sha1-TrIVlMlyvEBVPSduUQU5FD21Pgo="
    },
    "locutus": {
      "version": "2.0.11",
      "resolved": "http://local.npm.com/locutus/-/locutus-2.0.11.tgz",
      "integrity": "sha1-g/hRCZcf091iBIKgQ4GRbkox1PA=",
      "requires": {
        "es6-promise": "^4.2.5"
      }
    }
  }
}
